{
  "name": "aoc-melange",
  "lockfileVersion": 2,
  "requires": true,
  "packages": {
    "": {
      "dependencies": {
        "bs-bastet": "^2.0.0",
        "relude": "0.66.1"
      },
      "devDependencies": {}
    },
    "_opam/lib/melange/runtime": {
      "name": "melange",
      "version": "n/a",
      "extraneous": true,
      "license": "SEE LICENSE IN LICENSE"
    },
    "node_modules/bisect_ppx": {
      "version": "2.7.1",
      "resolved": "https://registry.npmjs.org/bisect_ppx/-/bisect_ppx-2.7.1.tgz",
      "integrity": "sha512-e8gRgfhmCptiyGGov+54Acah+rc+svm0yc/26mn+M6CCNDADufVLMgRaG1uw3LAHm/PFPy+zGFAKMwd6lD2O2g==",
      "hasInstallScript": true,
      "bin": {
        "bisect-ppx-report": "bisect-ppx-report"
      }
    },
    "node_modules/bs-bastet": {
      "version": "2.0.0",
      "resolved": "https://registry.npmjs.org/bs-bastet/-/bs-bastet-2.0.0.tgz",
      "integrity": "sha512-rMD0EanbBIQaIml3JxFTLQTIQoWMM8I6wFg2fBncvlguyzMLNG6Lg8oV2C7hvtcvceAn1bBF+X1UkV+KM60Vmw==",
      "dependencies": {
        "bisect_ppx": "^2.1.0",
        "bs-stdlib-shims": "^0.1.0"
      }
    },
    "node_modules/bs-stdlib-shims": {
      "version": "0.1.0",
      "resolved": "https://registry.npmjs.org/bs-stdlib-shims/-/bs-stdlib-shims-0.1.0.tgz",
      "integrity": "sha512-CszWow8iXOKgmzNCc5dR3kERaqzIp3f4nbV7lJF5vS9BHm70GqLlu7OBE/VCPKZ5noG1VtJAIVqIdLFqUdIRUQ=="
    },
    "node_modules/relude": {
      "version": "0.66.1",
      "resolved": "https://registry.npmjs.org/relude/-/relude-0.66.1.tgz",
      "integrity": "sha512-HGSe1jJV18qXILrPfkxYPAHP5zmZbjP8uBfJv+NPP0LJPARPDHKq72gmVgZJ/50JM/xHsk5I2RmiosoOeeS/TQ==",
      "dependencies": {
        "bisect_ppx": "^2.7.1"
      },
      "peerDependencies": {
        "bs-bastet": "^2.0.0"
      }
    }
  },
  "dependencies": {
    "bisect_ppx": {
      "version": "2.7.1",
      "resolved": "https://registry.npmjs.org/bisect_ppx/-/bisect_ppx-2.7.1.tgz",
      "integrity": "sha512-e8gRgfhmCptiyGGov+54Acah+rc+svm0yc/26mn+M6CCNDADufVLMgRaG1uw3LAHm/PFPy+zGFAKMwd6lD2O2g=="
    },
    "bs-bastet": {
      "version": "2.0.0",
      "resolved": "https://registry.npmjs.org/bs-bastet/-/bs-bastet-2.0.0.tgz",
      "integrity": "sha512-rMD0EanbBIQaIml3JxFTLQTIQoWMM8I6wFg2fBncvlguyzMLNG6Lg8oV2C7hvtcvceAn1bBF+X1UkV+KM60Vmw==",
      "requires": {
        "bisect_ppx": "^2.1.0",
        "bs-stdlib-shims": "^0.1.0"
      }
    },
    "bs-stdlib-shims": {
      "version": "0.1.0",
      "resolved": "https://registry.npmjs.org/bs-stdlib-shims/-/bs-stdlib-shims-0.1.0.tgz",
      "integrity": "sha512-CszWow8iXOKgmzNCc5dR3kERaqzIp3f4nbV7lJF5vS9BHm70GqLlu7OBE/VCPKZ5noG1VtJAIVqIdLFqUdIRUQ=="
    },
    "relude": {
      "version": "0.66.1",
      "resolved": "https://registry.npmjs.org/relude/-/relude-0.66.1.tgz",
      "integrity": "sha512-HGSe1jJV18qXILrPfkxYPAHP5zmZbjP8uBfJv+NPP0LJPARPDHKq72gmVgZJ/50JM/xHsk5I2RmiosoOeeS/TQ==",
      "requires": {
        "bisect_ppx": "^2.7.1"
      }
    }
  }
}
